// !$*UTF8*$!
{
	archiveVersion = 1;
	classes = {
	};
	objectVersion = 46;
	objects = {

/* Begin PBXBuildFile section */
		DD32B5CE17F9B7B3004C2AD0 /* Foundation.framework in Frameworks */ = {isa = PBXBuildFile; fileRef = DD32B5CD17F9B7B3004C2AD0 /* Foundation.framework */; };
		DD32B5D017F9B7B3004C2AD0 /* CoreGraphics.framework in Frameworks */ = {isa = PBXBuildFile; fileRef = DD32B5CF17F9B7B3004C2AD0 /* CoreGraphics.framework */; };
		DD32B5D217F9B7B3004C2AD0 /* UIKit.framework in Frameworks */ = {isa = PBXBuildFile; fileRef = DD32B5D117F9B7B3004C2AD0 /* UIKit.framework */; };
		DD32B5D817F9B7B3004C2AD0 /* InfoPlist.strings in Resources */ = {isa = PBXBuildFile; fileRef = DD32B5D617F9B7B3004C2AD0 /* InfoPlist.strings */; };
		DD32B5DA17F9B7B3004C2AD0 /* main.m in Sources */ = {isa = PBXBuildFile; fileRef = DD32B5D917F9B7B3004C2AD0 /* main.m */; };
		DD32B5DE17F9B7B3004C2AD0 /* AppDelegate.m in Sources */ = {isa = PBXBuildFile; fileRef = DD32B5DD17F9B7B3004C2AD0 /* AppDelegate.m */; };
		DD32B5E117F9B7B3004C2AD0 /* Main.storyboard in Resources */ = {isa = PBXBuildFile; fileRef = DD32B5DF17F9B7B3004C2AD0 /* Main.storyboard */; };
		DD32B5E417F9B7B3004C2AD0 /* ViewController.m in Sources */ = {isa = PBXBuildFile; fileRef = DD32B5E317F9B7B3004C2AD0 /* ViewController.m */; };
		DD32B5E617F9B7B3004C2AD0 /* Images.xcassets in Resources */ = {isa = PBXBuildFile; fileRef = DD32B5E517F9B7B3004C2AD0 /* Images.xcassets */; };
		DD32B5ED17F9B7B3004C2AD0 /* XCTest.framework in Frameworks */ = {isa = PBXBuildFile; fileRef = DD32B5EC17F9B7B3004C2AD0 /* XCTest.framework */; };
		DD32B5EE17F9B7B3004C2AD0 /* Foundation.framework in Frameworks */ = {isa = PBXBuildFile; fileRef = DD32B5CD17F9B7B3004C2AD0 /* Foundation.framework */; };
		DD32B5EF17F9B7B3004C2AD0 /* UIKit.framework in Frameworks */ = {isa = PBXBuildFile; fileRef = DD32B5D117F9B7B3004C2AD0 /* UIKit.framework */; };
		DD32B5F717F9B7B3004C2AD0 /* InfoPlist.strings in Resources */ = {isa = PBXBuildFile; fileRef = DD32B5F517F9B7B3004C2AD0 /* InfoPlist.strings */; };
		DD32B5F917F9B7B3004C2AD0 /* Demo3Tests.m in Sources */ = {isa = PBXBuildFile; fileRef = DD32B5F817F9B7B3004C2AD0 /* Demo3Tests.m */; };
/* End PBXBuildFile section */

/* Begin PBXContainerItemProxy section */
		DD32B5F017F9B7B3004C2AD0 /* PBXContainerItemProxy */ = {
			isa = PBXContainerItemProxy;
			containerPortal = DD32B5C217F9B7B2004C2AD0 /* Project object */;
			proxyType = 1;
			remoteGlobalIDString = DD32B5C917F9B7B3004C2AD0;
			remoteInfo = Demo3;
		};
/* End PBXContainerItemProxy section */

/* Begin PBXFileReference section */
		DD32B5CA17F9B7B3004C2AD0 /* Demo3.app */ = {isa = PBXFileReference; explicitFileType = wrapper.application; includeInIndex = 0; path = Demo3.app; sourceTree = BUILT_PRODUCTS_DIR; };
		DD32B5CD17F9B7B3004C2AD0 /* Foundation.framework */ = {isa = PBXFileReference; lastKnownFileType = wrapper.framework; name = Foundation.framework; path = System/Library/Frameworks/Foundation.framework; sourceTree = SDKROOT; };
		DD32B5CF17F9B7B3004C2AD0 /* CoreGraphics.framework */ = {isa = PBXFileReference; lastKnownFileType = wrapper.framework; name = CoreGraphics.framework; path = System/Library/Frameworks/CoreGraphics.framework; sourceTree = SDKROOT; };
		DD32B5D117F9B7B3004C2AD0 /* UIKit.framework */ = {isa = PBXFileReference; lastKnownFileType = wrapper.framework; name = UIKit.framework; path = System/Library/Frameworks/UIKit.framework; sourceTree = SDKROOT; };
		DD32B5D517F9B7B3004C2AD0 /* Demo3-Info.plist */ = {isa = PBXFileReference; lastKnownFileType = text.plist.xml; path = "Demo3-Info.plist"; sourceTree = "<group>"; };
		DD32B5D717F9B7B3004C2AD0 /* en */ = {isa = PBXFileReference; lastKnownFileType = text.plist.strings; name = en; path = en.lproj/InfoPlist.strings; sourceTree = "<group>"; };
		DD32B5D917F9B7B3004C2AD0 /* main.m */ = {isa = PBXFileReference; lastKnownFileType = sourcecode.c.objc; path = main.m; sourceTree = "<group>"; };
		DD32B5DB17F9B7B3004C2AD0 /* Demo3-Prefix.pch */ = {isa = PBXFileReference; lastKnownFileType = sourcecode.c.h; path = "Demo3-Prefix.pch"; sourceTree = "<group>"; };
		DD32B5DC17F9B7B3004C2AD0 /* AppDelegate.h */ = {isa = PBXFileReference; lastKnownFileType = sourcecode.c.h; path = AppDelegate.h; sourceTree = "<group>"; };
		DD32B5DD17F9B7B3004C2AD0 /* AppDelegate.m */ = {isa = PBXFileReference; lastKnownFileType = sourcecode.c.objc; path = AppDelegate.m; sourceTree = "<group>"; };
		DD32B5E017F9B7B3004C2AD0 /* Base */ = {isa = PBXFileReference; lastKnownFileType = file.storyboard; name = Base; path = Base.lproj/Main.storyboard; sourceTree = "<group>"; };
		DD32B5E217F9B7B3004C2AD0 /* ViewController.h */ = {isa = PBXFileReference; lastKnownFileType = sourcecode.c.h; path = ViewController.h; sourceTree = "<group>"; };
		DD32B5E317F9B7B3004C2AD0 /* ViewController.m */ = {isa = PBXFileReference; lastKnownFileType = sourcecode.c.objc; path = ViewController.m; sourceTree = "<group>"; };
		DD32B5E517F9B7B3004C2AD0 /* Images.xcassets */ = {isa = PBXFileReference; lastKnownFileType = folder.assetcatalog; path = Images.xcassets; sourceTree = "<group>"; };
		DD32B5EB17F9B7B3004C2AD0 /* Demo3Tests.xctest */ = {isa = PBXFileReference; explicitFileType = wrapper.cfbundle; includeInIndex = 0; path = Demo3Tests.xctest; sourceTree = BUILT_PRODUCTS_DIR; };
		DD32B5EC17F9B7B3004C2AD0 /* XCTest.framework */ = {isa = PBXFileReference; lastKnownFileType = wrapper.framework; name = XCTest.framework; path = Library/Frameworks/XCTest.framework; sourceTree = DEVELOPER_DIR; };
		DD32B5F417F9B7B3004C2AD0 /* Demo3Tests-Info.plist */ = {isa = PBXFileReference; lastKnownFileType = text.plist.xml; path = "Demo3Tests-Info.plist"; sourceTree = "<group>"; };
		DD32B5F617F9B7B3004C2AD0 /* en */ = {isa = PBXFileReference; lastKnownFileType = text.plist.strings; name = en; path = en.lproj/InfoPlist.strings; sourceTree = "<group>"; };
		DD32B5F817F9B7B3004C2AD0 /* Demo3Tests.m */ = {isa = PBXFileReference; lastKnownFileType = sourcecode.c.objc; path = Demo3Tests.m; sourceTree = "<group>"; };
/* End PBXFileReference section */

/* Begin PBXFrameworksBuildPhase section */
		DD32B5C717F9B7B3004C2AD0 /* Frameworks */ = {
			isa = PBXFrameworksBuildPhase;
			buildActionMask = 2147483647;
			files = (
				DD32B5D017F9B7B3004C2AD0 /* CoreGraphics.framework in Frameworks */,
				DD32B5D217F9B7B3004C2AD0 /* UIKit.framework in Frameworks */,
				DD32B5CE17F9B7B3004C2AD0 /* Foundation.framework in Frameworks */,
			);
			runOnlyForDeploymentPostprocessing = 0;
		};
		DD32B5E817F9B7B3004C2AD0 /* Frameworks */ = {
			isa = PBXFrameworksBuildPhase;
			buildActionMask = 2147483647;
			files = (
				DD32B5ED17F9B7B3004C2AD0 /* XCTest.framework in Frameworks */,
				DD32B5EF17F9B7B3004C2AD0 /* UIKit.framework in Frameworks */,
				DD32B5EE17F9B7B3004C2AD0 /* Foundation.framework in Frameworks */,
			);
			runOnlyForDeploymentPostprocessing = 0;
		};
/* End PBXFrameworksBuildPhase section */

/* Begin PBXGroup section */
		DD32B5C117F9B7B2004C2AD0 = {
			isa = PBXGroup;
			children = (
				DD32B5D317F9B7B3004C2AD0 /* Demo3 */,
				DD32B5F217F9B7B3004C2AD0 /* Demo3Tests */,
				DD32B5CC17F9B7B3004C2AD0 /* Frameworks */,
				DD32B5CB17F9B7B3004C2AD0 /* Products */,
			);
			sourceTree = "<group>";
		};
		DD32B5CB17F9B7B3004C2AD0 /* Products */ = {
			isa = PBXGroup;
			children = (
				DD32B5CA17F9B7B3004C2AD0 /* Demo3.app */,
				DD32B5EB17F9B7B3004C2AD0 /* Demo3Tests.xctest */,
			);
			name = Products;
			sourceTree = "<group>";
		};
		DD32B5CC17F9B7B3004C2AD0 /* Frameworks */ = {
			isa = PBXGroup;
			children = (
				DD32B5CD17F9B7B3004C2AD0 /* Foundation.framework */,
				DD32B5CF17F9B7B3004C2AD0 /* CoreGraphics.framework */,
				DD32B5D117F9B7B3004C2AD0 /* UIKit.framework */,
				DD32B5EC17F9B7B3004C2AD0 /* XCTest.framework */,
			);
			name = Frameworks;
			sourceTree = "<group>";
		};
		DD32B5D317F9B7B3004C2AD0 /* Demo3 */ = {
			isa = PBXGroup;
			children = (
				DD32B5DC17F9B7B3004C2AD0 /* AppDelegate.h */,
				DD32B5DD17F9B7B3004C2AD0 /* AppDelegate.m */,
				DD32B5DF17F9B7B3004C2AD0 /* Main.storyboard */,
				DD32B5E217F9B7B3004C2AD0 /* ViewController.h */,
				DD32B5E317F9B7B3004C2AD0 /* ViewController.m */,
				DD32B5E517F9B7B3004C2AD0 /* Images.xcassets */,
				DD32B5D417F9B7B3004C2AD0 /* Supporting Files */,
			);
			path = Demo3;
			sourceTree = "<group>";
		};
		DD32B5D417F9B7B3004C2AD0 /* Supporting Files */ = {
			isa = PBXGroup;
			children = (
				DD32B5D517F9B7B3004C2AD0 /* Demo3-Info.plist */,
				DD32B5D617F9B7B3004C2AD0 /* InfoPlist.strings */,
				DD32B5D917F9B7B3004C2AD0 /* main.m */,
				DD32B5DB17F9B7B3004C2AD0 /* Demo3-Prefix.pch */,
			);
			name = "Supporting Files";
			sourceTree = "<group>";
		};
		DD32B5F217F9B7B3004C2AD0 /* Demo3Tests */ = {
			isa = PBXGroup;
			children = (
				DD32B5F817F9B7B3004C2AD0 /* Demo3Tests.m */,
				DD32B5F317F9B7B3004C2AD0 /* Supporting Files */,
			);
			path = Demo3Tests;
			sourceTree = "<group>";
		};
		DD32B5F317F9B7B3004C2AD0 /* Supporting Files */ = {
			isa = PBXGroup;
			children = (
				DD32B5F417F9B7B3004C2AD0 /* Demo3Tests-Info.plist */,
				DD32B5F517F9B7B3004C2AD0 /* InfoPlist.strings */,
			);
			name = "Supporting Files";
			sourceTree = "<group>";
		};
/* End PBXGroup section */

/* Begin PBXNativeTarget section */
		DD32B5C917F9B7B3004C2AD0 /* Demo3 */ = {
			isa = PBXNativeTarget;
			buildConfigurationList = DD32B5FC17F9B7B3004C2AD0 /* Build configuration list for PBXNativeTarget "Demo3" */;
			buildPhases = (
				DD32B5C617F9B7B3004C2AD0 /* Sources */,
				DD32B5C717F9B7B3004C2AD0 /* Frameworks */,
				DD32B5C817F9B7B3004C2AD0 /* Resources */,
			);
			buildRules = (
			);
			dependencies = (
			);
			name = Demo3;
			productName = Demo3;
			productReference = DD32B5CA17F9B7B3004C2AD0 /* Demo3.app */;
			productType = "com.apple.product-type.application";
		};
		DD32B5EA17F9B7B3004C2AD0 /* Demo3Tests */ = {
			isa = PBXNativeTarget;
			buildConfigurationList = DD32B5FF17F9B7B3004C2AD0 /* Build configuration list for PBXNativeTarget "Demo3Tests" */;
			buildPhases = (
				DD32B5E717F9B7B3004C2AD0 /* Sources */,
				DD32B5E817F9B7B3004C2AD0 /* Frameworks */,
				DD32B5E917F9B7B3004C2AD0 /* Resources */,
			);
			buildRules = (
			);
			dependencies = (
				DD32B5F117F9B7B3004C2AD0 /* PBXTargetDependency */,
			);
			name = Demo3Tests;
			productName = Demo3Tests;
			productReference = DD32B5EB17F9B7B3004C2AD0 /* Demo3Tests.xctest */;
			productType = "com.apple.product-type.bundle.unit-test";
		};
/* End PBXNativeTarget section */

/* Begin PBXProject section */
		DD32B5C217F9B7B2004C2AD0 /* Project object */ = {
			isa = PBXProject;
			attributes = {
				LastUpgradeCheck = 0500;
				ORGANIZATIONNAME = iOS18;
				TargetAttributes = {
					DD32B5EA17F9B7B3004C2AD0 = {
						TestTargetID = DD32B5C917F9B7B3004C2AD0;
					};
				};
			};
			buildConfigurationList = DD32B5C517F9B7B2004C2AD0 /* Build configuration list for PBXProject "Demo3" */;
			compatibilityVersion = "Xcode 3.2";
			developmentRegion = English;
			hasScannedForEncodings = 0;
			knownRegions = (
				en,
				Base,
			);
			mainGroup = DD32B5C117F9B7B2004C2AD0;
			productRefGroup = DD32B5CB17F9B7B3004C2AD0 /* Products */;
			projectDirPath = "";
			projectRoot = "";
			targets = (
				DD32B5C917F9B7B3004C2AD0 /* Demo3 */,
				DD32B5EA17F9B7B3004C2AD0 /* Demo3Tests */,
			);
		};
/* End PBXProject section */

/* Begin PBXResourcesBuildPhase section */
		DD32B5C817F9B7B3004C2AD0 /* Resources */ = {
			isa = PBXResourcesBuildPhase;
			buildActionMask = 2147483647;
			files = (
				DD32B5E617F9B7B3004C2AD0 /* Images.xcassets in Resources */,
				DD32B5D817F9B7B3004C2AD0 /* InfoPlist.strings in Resources */,
				DD32B5E117F9B7B3004C2AD0 /* Main.storyboard in Resources */,
			);
			runOnlyForDeploymentPostprocessing = 0;
		};
		DD32B5E917F9B7B3004C2AD0 /* Resources */ = {
			isa = PBXResourcesBuildPhase;
			buildActionMask = 2147483647;
			files = (
				DD32B5F717F9B7B3004C2AD0 /* InfoPlist.strings in Resources */,
			);
			runOnlyForDeploymentPostprocessing = 0;
		};
/* End PBXResourcesBuildPhase section */

/* Begin PBXSourcesBuildPhase section */
		DD32B5C617F9B7B3004C2AD0 /* Sources */ = {
			isa = PBXSourcesBuildPhase;
			buildActionMask = 2147483647;
			files = (
				DD32B5E417F9B7B3004C2AD0 /* ViewController.m in Sources */,
				DD32B5DE17F9B7B3004C2AD0 /* AppDelegate.m in Sources */,
				DD32B5DA17F9B7B3004C2AD0 /* main.m in Sources */,
			);
			runOnlyForDeploymentPostprocessing = 0;
		};
		DD32B5E717F9B7B3004C2AD0 /* Sources */ = {
			isa = PBXSourcesBuildPhase;
			buildActionMask = 2147483647;
			files = (
				DD32B5F917F9B7B3004C2AD0 /* Demo3Tests.m in Sources */,
			);
			runOnlyForDeploymentPostprocessing = 0;
		};
/* End PBXSourcesBuildPhase section */

/* Begin PBXTargetDependency section */
		DD32B5F117F9B7B3004C2AD0 /* PBXTargetDependency */ = {
			isa = PBXTargetDependency;
			target = DD32B5C917F9B7B3004C2AD0 /* Demo3 */;
			targetProxy = DD32B5F017F9B7B3004C2AD0 /* PBXContainerItemProxy */;
		};
/* End PBXTargetDependency section */

/* Begin PBXVariantGroup section */
		DD32B5D617F9B7B3004C2AD0 /* InfoPlist.strings */ = {
			isa = PBXVariantGroup;
			children = (
				DD32B5D717F9B7B3004C2AD0 /* en */,
			);
			name = InfoPlist.strings;
			sourceTree = "<group>";
		};
		DD32B5DF17F9B7B3004C2AD0 /* Main.storyboard */ = {
			isa = PBXVariantGroup;
			children = (
				DD32B5E017F9B7B3004C2AD0 /* Base */,
			);
			name = Main.storyboard;
			sourceTree = "<group>";
		};
		DD32B5F517F9B7B3004C2AD0 /* InfoPlist.strings */ = {
			isa = PBXVariantGroup;
			children = (
				DD32B5F617F9B7B3004C2AD0 /* en */,
			);
			name = InfoPlist.strings;
			sourceTree = "<group>";
		};
/* End PBXVariantGroup section */

/* Begin XCBuildConfiguration section */
		DD32B5FA17F9B7B3004C2AD0 /* Debug */ = {
			isa = XCBuildConfiguration;
			buildSettings = {
				ALWAYS_SEARCH_USER_PATHS = NO;
				ARCHS = "$(ARCHS_STANDARD_INCLUDING_64_BIT)";
				CLANG_CXX_LANGUAGE_STANDARD = "gnu++0x";
				CLANG_CXX_LIBRARY = "libc++";
				CLANG_ENABLE_MODULES = YES;
				CLANG_ENABLE_OBJC_ARC = YES;
				CLANG_WARN_BOOL_CONVERSION = YES;
				CLANG_WARN_CONSTANT_CONVERSION = YES;
				CLANG_WARN_DIRECT_OBJC_ISA_USAGE = YES_ERROR;
				CLANG_WARN_EMPTY_BODY = YES;
				CLANG_WARN_ENUM_CONVERSION = YES;
				CLANG_WARN_INT_CONVERSION = YES;
				CLANG_WARN_OBJC_ROOT_CLASS = YES_ERROR;
				CLANG_WARN__DUPLICATE_METHOD_MATCH = YES;
				"CODE_SIGN_IDENTITY[sdk=iphoneos*]" = "iPhone Developer";
				COPY_PHASE_STRIP = NO;
				GCC_C_LANGUAGE_STANDARD = gnu99;
				GCC_DYNAMIC_NO_PIC = NO;
				GCC_OPTIMIZATION_LEVEL = 0;
				GCC_PREPROCESSOR_DEFINITIONS = (
					"DEBUG=1",
					"$(inherited)",
				);
				GCC_SYMBOLS_PRIVATE_EXTERN = NO;
				GCC_WARN_64_TO_32_BIT_CONVERSION = YES;
				GCC_WARN_ABOUT_RETURN_TYPE = YES_ERROR;
				GCC_WARN_UNDECLARED_SELECTOR = YES;
				GCC_WARN_UNINITIALIZED_AUTOS = YES;
				GCC_WARN_UNUSED_FUNCTION = YES;
				GCC_WARN_UNUSED_VARIABLE = YES;
				IPHONEOS_DEPLOYMENT_TARGET = 7.0;
				ONLY_ACTIVE_ARCH = YES;
				SDKROOT = iphoneos;
			};
			name = Debug;
		};
		DD32B5FB17F9B7B3004C2AD0 /* Release */ = {
			isa = XCBuildConfiguration;
			buildSettings = {
				ALWAYS_SEARCH_USER_PATHS = NO;
				ARCHS = "$(ARCHS_STANDARD_INCLUDING_64_BIT)";
				CLANG_CXX_LANGUAGE_STANDARD = "gnu++0x";
				CLANG_CXX_LIBRARY = "libc++";
				CLANG_ENABLE_MODULES = YES;
				CLANG_ENABLE_OBJC_ARC = YES;
				CLANG_WARN_BOOL_CONVERSION = YES;
				CLANG_WARN_CONSTANT_CONVERSION = YES;
				CLANG_WARN_DIRECT_OBJC_ISA_USAGE = YES_ERROR;
				CLANG_WARN_EMPTY_BODY = YES;
				CLANG_WARN_ENUM_CONVERSION = YES;
				CLANG_WARN_INT_CONVERSION = YES;
				CLANG_WARN_OBJC_ROOT_CLASS = YES_ERROR;
				CLANG_WARN__DUPLICATE_METHOD_MATCH = YES;
				"CODE_SIGN_IDENTITY[sdk=iphoneos*]" = "iPhone Developer";
				COPY_PHASE_STRIP = YES;
				ENABLE_NS_ASSERTIONS = NO;
				GCC_C_LANGUAGE_STANDARD = gnu99;
				GCC_WARN_64_TO_32_BIT_CONVERSION = YES;
				GCC_WARN_ABOUT_RETURN_TYPE = YES_ERROR;
				GCC_WARN_UNDECLARED_SELECTOR = YES;
				GCC_WARN_UNINITIALIZED_AUTOS = YES;
				GCC_WARN_UNUSED_FUNCTION = YES;
				GCC_WARN_UNUSED_VARIABLE = YES;
				IPHONEOS_DEPLOYMENT_TARGET = 7.0;
				SDKROOT = iphoneos;
				VALIDATE_PRODUCT = YES;
			};
			name = Release;
		};
		DD32B5FD17F9B7B3004C2AD0 /* Debug */ = {
			isa = XCBuildConfiguration;
			buildSettings = {
				ASSETCATALOG_COMPILER_APPICON_NAME = AppIcon;
				ASSETCATALOG_COMPILER_LAUNCHIMAGE_NAME = LaunchImage;
				GCC_PRECOMPILE_PREFIX_HEADER = YES;
				GCC_PREFIX_HEADER = "Demo3/Demo3-Prefix.pch";
				INFOPLIST_FILE = "Demo3/Demo3-Info.plist";
				PRODUCT_NAME = "$(TARGET_NAME)";
				WRAPPER_EXTENSION = app;
			};
			name = Debug;
		};
		DD32B5FE17F9B7B3004C2AD0 /* Release */ = {
			isa = XCBuildConfiguration;
			buildSettings = {
				ASSETCATALOG_COMPILER_APPICON_NAME = AppIcon;
				ASSETCATALOG_COMPILER_LAUNCHIMAGE_NAME = LaunchImage;
				GCC_PRECOMPILE_PREFIX_HEADER = YES;
				GCC_PREFIX_HEADER = "Demo3/Demo3-Prefix.pch";
				INFOPLIST_FILE = "Demo3/Demo3-Info.plist";
				PRODUCT_NAME = "$(TARGET_NAME)";
				WRAPPER_EXTENSION = app;
			};
			name = Release;
		};
		DD32B60017F9B7B3004C2AD0 /* Debug */ = {
			isa = XCBuildConfiguration;
			buildSettings = {
				ARCHS = "$(ARCHS_STANDARD_INCLUDING_64_BIT)";
				BUNDLE_LOADER = "$(BUILT_PRODUCTS_DIR)/Demo3.app/Demo3";
				FRAMEWORK_SEARCH_PATHS = (
					"$(SDKROOT)/Developer/Library/Frameworks",
					"$(inherited)",
					"$(DEVELOPER_FRAMEWORKS_DIR)",
				);
				GCC_PRECOMPILE_PREFIX_HEADER = YES;
				GCC_PREFIX_HEADER = "Demo3/Demo3-Prefix.pch";
				GCC_PREPROCESSOR_DEFINITIONS = (
					"DEBUG=1",
					"$(inherited)",
				);
				INFOPLIST_FILE = "Demo3Tests/Demo3Tests-Info.plist";
				PRODUCT_NAME = "$(TARGET_NAME)";
				TEST_HOST = "$(BUNDLE_LOADER)";
				WRAPPER_EXTENSION = xctest;
			};
			name = Debug;
		};
		DD32B60117F9B7B3004C2AD0 /* Release */ = {
			isa = XCBuildConfiguration;
			buildSettings = {
				ARCHS = "$(ARCHS_STANDARD_INCLUDING_64_BIT)";
				BUNDLE_LOADER = "$(BUILT_PRODUCTS_DIR)/Demo3.app/Demo3";
				FRAMEWORK_SEARCH_PATHS = (
					"$(SDKROOT)/Developer/Library/Frameworks",
					"$(inherited)",
					"$(DEVELOPER_FRAMEWORKS_DIR)",
				);
				GCC_PRECOMPILE_PREFIX_HEADER = YES;
				GCC_PREFIX_HEADER = "Demo3/Demo3-Prefix.pch";
				INFOPLIST_FILE = "Demo3Tests/Demo3Tests-Info.plist";
				PRODUCT_NAME = "$(TARGET_NAME)";
				TEST_HOST = "$(BUNDLE_LOADER)";
				WRAPPER_EXTENSION = xctest;
			};
			name = Release;
		};
/* End XCBuildConfiguration section */

/* Begin XCConfigurationList section */
		DD32B5C517F9B7B2004C2AD0 /* Build configuration list for PBXProject "Demo3" */ = {
			isa = XCConfigurationList;
			buildConfigurations = (
				DD32B5FA17F9B7B3004C2AD0 /* Debug */,
				DD32B5FB17F9B7B3004C2AD0 /* Release */,
			);
			defaultConfigurationIsVisible = 0;
			defaultConfigurationName = Release;
		};
		DD32B5FC17F9B7B3004C2AD0 /* Build configuration list for PBXNativeTarget "Demo3" */ = {
			isa = XCConfigurationList;
			buildConfigurations = (
				DD32B5FD17F9B7B3004C2AD0 /* Debug */,
				DD32B5FE17F9B7B3004C2AD0 /* Release */,
			);
			defaultConfigurationIsVisible = 0;
		};
		DD32B5FF17F9B7B3004C2AD0 /* Build configuration list for PBXNativeTarget "Demo3Tests" */ = {
			isa = XCConfigurationList;
			buildConfigurations = (
				DD32B60017F9B7B3004C2AD0 /* Debug */,
				DD32B60117F9B7B3004C2AD0 /* Release */,
			);
			defaultConfigurationIsVisible = 0;
		};
/* End XCConfigurationList section */
	};
	rootObject = DD32B5C217F9B7B2004C2AD0 /* Project object */;
}
